
Microsoft Visual Studio Solution File, Format Version 12.00
# Visual Studio Version 17
VisualStudioVersion = 17.1.32210.238
MinimumVisualStudioVersion = 10.0.40219.1
Project("{8BC9CEB8-8B4A-11D0-8D11-00A0C91BC942}") = "launcher", "launcher\launcher.vcxproj", "{B15778DB-570D-4701-8101-F3216A02296D}"
EndProject
Project("{2150E333-8FDC-42A3-9474-1A3956D46DE8}") = "dep", "dep", "{E4D8A5DF-CCEA-495E-846F-64430DA99351}"
EndProject
Project("{8BC9CEB8-8B4A-11D0-8D11-00A0C91BC942}") = "JsonManager", "dep\JsonManager\JsonManager.vcxproj", "{51CD9145-C142-4CB7-9334-EF19FC038BAD}"
EndProject
Project("{8BC9CEB8-8B4A-11D0-8D11-00A0C91BC942}") = "libcurl", "dep\libcurl\libcurl.vcxproj", "{14372238-6901-41FC-A92D-D9B706A16C83}"
EndProject
Project("{8BC9CEB8-8B4A-11D0-8D11-00A0C91BC942}") = "minizip", "dep\minizip\minizip.vcxproj", "{C610F50E-1013-46F0-AE20-4E918654B40F}"
EndProject
Project("{8BC9CEB8-8B4A-11D0-8D11-00A0C91BC942}") = "re2", "dep\re2\re2.vcxproj", "{80EAD1BC-80A5-3F56-9B33-A72702FB07CA}"
EndProject
Project("{8BC9CEB8-8B4A-11D0-8D11-00A0C91BC942}") = "zlib", "dep\zlib\zlib.vcxproj", "{8FD826F8-3739-44E6-8CC8-997122E53B8D}"
EndProject
Project("{8BC9CEB8-8B4A-11D0-8D11-00A0C91BC942}") = "Common", "dep\Common\Common.vcxproj", "{D676C5C1-3A49-4AF1-B765-D73B3BD179EC}"
EndProject
Project("{8BC9CEB8-8B4A-11D0-8D11-00A0C91BC942}") = "LogManager", "dep\LogManager\LogManager.vcxproj", "{52906B8A-4DBD-44D3-8254-31DF1354F22F}"
EndProject
Project("{8BC9CEB8-8B4A-11D0-8D11-00A0C91BC942}") = "LiveUp", "dep\LiveUp\LiveUp\LiveUp.vcxproj", "{A7C13CD8-0F1D-4D81-B97B-457C5B0BD3A7}"
EndProject
Project("{8BC9CEB8-8B4A-11D0-8D11-00A0C91BC942}") = "UILib", "dep\UILib\UILib.vcxproj", "{E106ACD7-4E53-4AEE-942B-D0DD426DB34E}"
EndProject
Global
	GlobalSection(SolutionConfigurationPlatforms) = preSolution
		Debug|x64 = Debug|x64
		Debug|x86 = Debug|x86
		Release|x64 = Release|x64
		Release|x86 = Release|x86
	EndGlobalSection
	GlobalSection(ProjectConfigurationPlatforms) = postSolution
		{B15778DB-570D-4701-8101-F3216A02296D}.Debug|x64.ActiveCfg = Debug|x64
		{B15778DB-570D-4701-8101-F3216A02296D}.Debug|x64.Build.0 = Debug|x64
		{B15778DB-570D-4701-8101-F3216A02296D}.Debug|x86.ActiveCfg = Debug|Win32
		{B15778DB-570D-4701-8101-F3216A02296D}.Debug|x86.Build.0 = Debug|Win32
		{B15778DB-570D-4701-8101-F3216A02296D}.Release|x64.ActiveCfg = Release|x64
		{B15778DB-570D-4701-8101-F3216A02296D}.Release|x64.Build.0 = Release|x64
		{B15778DB-570D-4701-8101-F3216A02296D}.Release|x86.ActiveCfg = Release|Win32
		{B15778DB-570D-4701-8101-F3216A02296D}.Release|x86.Build.0 = Release|Win32
		{51CD9145-C142-4CB7-9334-EF19FC038BAD}.Debug|x64.ActiveCfg = Debug|Win32
		{51CD9145-C142-4CB7-9334-EF19FC038BAD}.Debug|x64.Build.0 = Debug|Win32
		{51CD9145-C142-4CB7-9334-EF19FC038BAD}.Debug|x86.ActiveCfg = Debug|Win32
		{51CD9145-C142-4CB7-9334-EF19FC038BAD}.Debug|x86.Build.0 = Debug|Win32
		{51CD9145-C142-4CB7-9334-EF19FC038BAD}.Release|x64.ActiveCfg = Release|x64
		{51CD9145-C142-4CB7-9334-EF19FC038BAD}.Release|x64.Build.0 = Release|x64
		{51CD9145-C142-4CB7-9334-EF19FC038BAD}.Release|x86.ActiveCfg = Release|Win32
		{51CD9145-C142-4CB7-9334-EF19FC038BAD}.Release|x86.Build.0 = Release|Win32
		{14372238-6901-41FC-A92D-D9B706A16C83}.Debug|x64.ActiveCfg = Debug|Win32
		{14372238-6901-41FC-A92D-D9B706A16C83}.Debug|x64.Build.0 = Debug|Win32
		{14372238-6901-41FC-A92D-D9B706A16C83}.Debug|x86.ActiveCfg = Debug|Win32
		{14372238-6901-41FC-A92D-D9B706A16C83}.Debug|x86.Build.0 = Debug|Win32
		{14372238-6901-41FC-A92D-D9B706A16C83}.Release|x64.ActiveCfg = Release|Win32
		{14372238-6901-41FC-A92D-D9B706A16C83}.Release|x86.ActiveCfg = Release|Win32
		{14372238-6901-41FC-A92D-D9B706A16C83}.Release|x86.Build.0 = Release|Win32
		{C610F50E-1013-46F0-AE20-4E918654B40F}.Debug|x64.ActiveCfg = Debug|Win32
		{C610F50E-1013-46F0-AE20-4E918654B40F}.Debug|x64.Build.0 = Debug|Win32
		{C610F50E-1013-46F0-AE20-4E918654B40F}.Debug|x86.ActiveCfg = Debug|Win32
		{C610F50E-1013-46F0-AE20-4E918654B40F}.Debug|x86.Build.0 = Debug|Win32
		{C610F50E-1013-46F0-AE20-4E918654B40F}.Release|x64.ActiveCfg = Release|Win32
		{C610F50E-1013-46F0-AE20-4E918654B40F}.Release|x86.ActiveCfg = Release|Win32
		{C610F50E-1013-46F0-AE20-4E918654B40F}.Release|x86.Build.0 = Release|Win32
		{80EAD1BC-80A5-3F56-9B33-A72702FB07CA}.Debug|x64.ActiveCfg = Debug|Win32
		{80EAD1BC-80A5-3F56-9B33-A72702FB07CA}.Debug|x64.Build.0 = Debug|Win32
		{80EAD1BC-80A5-3F56-9B33-A72702FB07CA}.Debug|x86.ActiveCfg = Debug|Win32
		{80EAD1BC-80A5-3F56-9B33-A72702FB07CA}.Debug|x86.Build.0 = Debug|Win32
		{80EAD1BC-80A5-3F56-9B33-A72702FB07CA}.Release|x64.ActiveCfg = Release|Win32
		{80EAD1BC-80A5-3F56-9B33-A72702FB07CA}.Release|x86.ActiveCfg = Release|Win32
		{80EAD1BC-80A5-3F56-9B33-A72702FB07CA}.Release|x86.Build.0 = Release|Win32
		{8FD826F8-3739-44E6-8CC8-997122E53B8D}.Debug|x64.ActiveCfg = Debug|Win32
		{8FD826F8-3739-44E6-8CC8-997122E53B8D}.Debug|x64.Build.0 = Debug|Win32
		{8FD826F8-3739-44E6-8CC8-997122E53B8D}.Debug|x86.ActiveCfg = Debug|Win32
		{8FD826F8-3739-44E6-8CC8-997122E53B8D}.Debug|x86.Build.0 = Debug|Win32
		{8FD826F8-3739-44E6-8CC8-997122E53B8D}.Release|x64.ActiveCfg = Release|Win32
		{8FD826F8-3739-44E6-8CC8-997122E53B8D}.Release|x86.ActiveCfg = Release|Win32
		{8FD826F8-3739-44E6-8CC8-997122E53B8D}.Release|x86.Build.0 = Release|Win32
		{D676C5C1-3A49-4AF1-B765-D73B3BD179EC}.Debug|x64.ActiveCfg = Debug|Win32
		{D676C5C1-3A49-4AF1-B765-D73B3BD179EC}.Debug|x64.Build.0 = Debug|Win32
		{D676C5C1-3A49-4AF1-B765-D73B3BD179EC}.Debug|x86.ActiveCfg = Debug|Win32
		{D676C5C1-3A49-4AF1-B765-D73B3BD179EC}.Debug|x86.Build.0 = Debug|Win32
		{D676C5C1-3A49-4AF1-B765-D73B3BD179EC}.Release|x64.ActiveCfg = Release|x64
		{D676C5C1-3A49-4AF1-B765-D73B3BD179EC}.Release|x64.Build.0 = Release|x64
		{D676C5C1-3A49-4AF1-B765-D73B3BD179EC}.Release|x86.ActiveCfg = Release|Win32
		{D676C5C1-3A49-4AF1-B765-D73B3BD179EC}.Release|x86.Build.0 = Release|Win32
		{52906B8A-4DBD-44D3-8254-31DF1354F22F}.Debug|x64.ActiveCfg = Debug|Win32
		{52906B8A-4DBD-44D3-8254-31DF1354F22F}.Debug|x64.Build.0 = Debug|Win32
		{52906B8A-4DBD-44D3-8254-31DF1354F22F}.Debug|x86.ActiveCfg = Debug|Win32
		{52906B8A-4DBD-44D3-8254-31DF1354F22F}.Debug|x86.Build.0 = Debug|Win32
		{52906B8A-4DBD-44D3-8254-31DF1354F22F}.Release|x64.ActiveCfg = Release|x64
		{52906B8A-4DBD-44D3-8254-31DF1354F22F}.Release|x64.Build.0 = Release|x64
		{52906B8A-4DBD-44D3-8254-31DF1354F22F}.Release|x86.ActiveCfg = Release|Win32
		{52906B8A-4DBD-44D3-8254-31DF1354F22F}.Release|x86.Build.0 = Release|Win32
		{A7C13CD8-0F1D-4D81-B97B-457C5B0BD3A7}.Debug|x64.ActiveCfg = Debug|Win32
		{A7C13CD8-0F1D-4D81-B97B-457C5B0BD3A7}.Debug|x64.Build.0 = Debug|Win32
		{A7C13CD8-0F1D-4D81-B97B-457C5B0BD3A7}.Debug|x86.ActiveCfg = Debug|Win32
		{A7C13CD8-0F1D-4D81-B97B-457C5B0BD3A7}.Debug|x86.Build.0 = Debug|Win32
		{A7C13CD8-0F1D-4D81-B97B-457C5B0BD3A7}.Release|x64.ActiveCfg = Release|x64
		{A7C13CD8-0F1D-4D81-B97B-457C5B0BD3A7}.Release|x64.Build.0 = Release|x64
		{A7C13CD8-0F1D-4D81-B97B-457C5B0BD3A7}.Release|x86.ActiveCfg = Release|Win32
		{A7C13CD8-0F1D-4D81-B97B-457C5B0BD3A7}.Release|x86.Build.0 = Release|Win32
		{E106ACD7-4E53-4AEE-942B-D0DD426DB34E}.Debug|x64.ActiveCfg = Debug|Win32
		{E106ACD7-4E53-4AEE-942B-D0DD426DB34E}.Debug|x64.Build.0 = Debug|Win32
		{E106ACD7-4E53-4AEE-942B-D0DD426DB34E}.Debug|x86.ActiveCfg = Debug|Win32
		{E106ACD7-4E53-4AEE-942B-D0DD426DB34E}.Debug|x86.Build.0 = Debug|Win32
		{E106ACD7-4E53-4AEE-942B-D0DD426DB34E}.Release|x64.ActiveCfg = Release|Win32
		{E106ACD7-4E53-4AEE-942B-D0DD426DB34E}.Release|x86.ActiveCfg = Release|Win32
		{E106ACD7-4E53-4AEE-942B-D0DD426DB34E}.Release|x86.Build.0 = Release|Win32
	EndGlobalSection
	GlobalSection(SolutionProperties) = preSolution
		HideSolutionNode = FALSE
	EndGlobalSection
	GlobalSection(NestedProjects) = preSolution
		{51CD9145-C142-4CB7-9334-EF19FC038BAD} = {E4D8A5DF-CCEA-495E-846F-64430DA99351}
		{14372238-6901-41FC-A92D-D9B706A16C83} = {E4D8A5DF-CCEA-495E-846F-64430DA99351}
		{C610F50E-1013-46F0-AE20-4E918654B40F} = {E4D8A5DF-CCEA-495E-846F-64430DA99351}
		{80EAD1BC-80A5-3F56-9B33-A72702FB07CA} = {E4D8A5DF-CCEA-495E-846F-64430DA99351}
		{8FD826F8-3739-44E6-8CC8-997122E53B8D} = {E4D8A5DF-CCEA-495E-846F-64430DA99351}
		{D676C5C1-3A49-4AF1-B765-D73B3BD179EC} = {E4D8A5DF-CCEA-495E-846F-64430DA99351}
		{52906B8A-4DBD-44D3-8254-31DF1354F22F} = {E4D8A5DF-CCEA-495E-846F-64430DA99351}
		{A7C13CD8-0F1D-4D81-B97B-457C5B0BD3A7} = {E4D8A5DF-CCEA-495E-846F-64430DA99351}
		{E106ACD7-4E53-4AEE-942B-D0DD426DB34E} = {E4D8A5DF-CCEA-495E-846F-64430DA99351}
	EndGlobalSection
	GlobalSection(ExtensibilityGlobals) = postSolution
		SolutionGuid = {FF6AA52E-E0A0-4864-A429-C0D1CE7B5FBF}
	EndGlobalSection
EndGlobal
